
Microsoft Visual Studio Solution File, Format Version 12.00
# Visual Studio Version 17
VisualStudioVersion = 17.5.002.0
MinimumVisualStudioVersion = 10.0.40219.1
Project("{9A19103F-16F7-4668-BE54-9A1E7A4F7556}") = "azure-func-http-trigger", "azure-func-http-trigger.csproj", "{69E6365F-D752-4F1D-A7CB-57FE5508FC66}"
EndProject
Global
	GlobalSection(SolutionConfigurationPlatforms) = preSolution
		Debug|Any CPU = Debug|Any CPU
		Release|Any CPU = Release|Any CPU
	EndGlobalSection
	GlobalSection(ProjectConfigurationPlatforms) = postSolution
		{69E6365F-D752-4F1D-A7CB-57FE5508FC66}.Debug|Any CPU.ActiveCfg = Debug|Any CPU
		{69E6365F-D752-4F1D-A7CB-57FE5508FC66}.Debug|Any CPU.Build.0 = Debug|Any CPU
		{69E6365F-D752-4F1D-A7CB-57FE5508FC66}.Release|Any CPU.ActiveCfg = Release|Any CPU
		{69E6365F-D752-4F1D-A7CB-57FE5508FC66}.Release|Any CPU.Build.0 = Release|Any CPU
	EndGlobalSection
	GlobalSection(SolutionProperties) = preSolution
		HideSolutionNode = FALSE
	EndGlobalSection
	GlobalSection(ExtensibilityGlobals) = postSolution
		SolutionGuid = {25A6A7A9-FE05-4F81-8592-0D9DFB4165CD}
	EndGlobalSection
EndGlobal
